
Microsoft Visual Studio Solution File, Format Version 12.00
# Visual Studio 15
VisualStudioVersion = 15.0.27004.2006
MinimumVisualStudioVersion = 10.0.40219.1
Project("{FAE04EC0-301F-11D3-BF4B-00C04F79EFBC}") = "RAWCast", "RAWCast\RAWCast.csproj", "{580AB3F2-F29F-4376-9F5C-A175E3EEE37B}"
EndProject
Global
	GlobalSection(SolutionConfigurationPlatforms) = preSolution
		Debug|Any CPU = Debug|Any CPU
		Release|Any CPU = Release|Any CPU
	EndGlobalSection
	GlobalSection(ProjectConfigurationPlatforms) = postSolution
		{580AB3F2-F29F-4376-9F5C-A175E3EEE37B}.Debug|Any CPU.ActiveCfg = Debug|Any CPU
		{580AB3F2-F29F-4376-9F5C-A175E3EEE37B}.Debug|Any CPU.Build.0 = Debug|Any CPU
		{580AB3F2-F29F-4376-9F5C-A175E3EEE37B}.Release|Any CPU.ActiveCfg = Release|Any CPU
		{580AB3F2-F29F-4376-9F5C-A175E3EEE37B}.Release|Any CPU.Build.0 = Release|Any CPU
	EndGlobalSection
	GlobalSection(SolutionProperties) = preSolution
		HideSolutionNode = FALSE
	EndGlobalSection
	GlobalSection(ExtensibilityGlobals) = postSolution
		SolutionGuid = {CF548810-B211-4E3F-A5A8-7C0C4E10CA8D}
	EndGlobalSection
EndGlobal
